
Microsoft Visual Studio Solution File, Format Version 12.00
# Visual Studio Version 17
VisualStudioVersion = 17.3.32811.315
MinimumVisualStudioVersion = 10.0.40219.1
Project("{9A19103F-16F7-4668-BE54-9A1E7A4F7556}") = "BootstrapAdmin.Caching", "src\BootstrapAdmin.Caching\BootstrapAdmin.Caching.csproj", "{956A2C9A-D1E2-4F4D-ADE1-66DC6A6E6601}"
EndProject
Project("{9A19103F-16F7-4668-BE54-9A1E7A4F7556}") = "BootstrapAdmin.DataAccess.Models", "src\BootstrapAdmin.DataAccess.Models\BootstrapAdmin.DataAccess.Models.csproj", "{1630EA2E-7C36-4616-B5C0-BB9A1DC05971}"
EndProject
Project("{9A19103F-16F7-4668-BE54-9A1E7A4F7556}") = "BootstrapAdmin.Web.Core", "src\BootstrapAdmin.Web.Core\BootstrapAdmin.Web.Core.csproj", "{06078E42-685B-4A3D-98D9-65DDC8DDBDD3}"
EndProject
Project("{9A19103F-16F7-4668-BE54-9A1E7A4F7556}") = "BootstrapAdmin.DataAccess.FreeSql", "src\BootstrapAdmin.DataAccess.FreeSql\BootstrapAdmin.DataAccess.FreeSql.csproj", "{52EDB5F5-8922-4221-A980-D1B7DD2CF328}"
EndProject
Project("{9A19103F-16F7-4668-BE54-9A1E7A4F7556}") = "BootstrapAdmin.DataAccess.PetaPoco", "src\BootstrapAdmin.DataAccess.PetaPoco\BootstrapAdmin.DataAccess.PetaPoco.csproj", "{887237B3-D33F-49B2-B1A9-86AE160C1605}"
EndProject
Project("{9A19103F-16F7-4668-BE54-9A1E7A4F7556}") = "BootstrapAdmin.Web", "src\BootstrapAdmin.Web\BootstrapAdmin.Web.csproj", "{57E4049F-CE73-4BFB-A976-C04AB3959BB1}"
EndProject
Global
	GlobalSection(SolutionConfigurationPlatforms) = preSolution
		Debug|Any CPU = Debug|Any CPU
		Release|Any CPU = Release|Any CPU
	EndGlobalSection
	GlobalSection(ProjectConfigurationPlatforms) = postSolution
		{956A2C9A-D1E2-4F4D-ADE1-66DC6A6E6601}.Debug|Any CPU.ActiveCfg = Debug|Any CPU
		{956A2C9A-D1E2-4F4D-ADE1-66DC6A6E6601}.Debug|Any CPU.Build.0 = Debug|Any CPU
		{956A2C9A-D1E2-4F4D-ADE1-66DC6A6E6601}.Release|Any CPU.ActiveCfg = Release|Any CPU
		{956A2C9A-D1E2-4F4D-ADE1-66DC6A6E6601}.Release|Any CPU.Build.0 = Release|Any CPU
		{1630EA2E-7C36-4616-B5C0-BB9A1DC05971}.Debug|Any CPU.ActiveCfg = Debug|Any CPU
		{1630EA2E-7C36-4616-B5C0-BB9A1DC05971}.Debug|Any CPU.Build.0 = Debug|Any CPU
		{1630EA2E-7C36-4616-B5C0-BB9A1DC05971}.Release|Any CPU.ActiveCfg = Release|Any CPU
		{1630EA2E-7C36-4616-B5C0-BB9A1DC05971}.Release|Any CPU.Build.0 = Release|Any CPU
		{06078E42-685B-4A3D-98D9-65DDC8DDBDD3}.Debug|Any CPU.ActiveCfg = Debug|Any CPU
		{06078E42-685B-4A3D-98D9-65DDC8DDBDD3}.Debug|Any CPU.Build.0 = Debug|Any CPU
		{06078E42-685B-4A3D-98D9-65DDC8DDBDD3}.Release|Any CPU.ActiveCfg = Release|Any CPU
		{06078E42-685B-4A3D-98D9-65DDC8DDBDD3}.Release|Any CPU.Build.0 = Release|Any CPU
		{52EDB5F5-8922-4221-A980-D1B7DD2CF328}.Debug|Any CPU.ActiveCfg = Debug|Any CPU
		{52EDB5F5-8922-4221-A980-D1B7DD2CF328}.Debug|Any CPU.Build.0 = Debug|Any CPU
		{52EDB5F5-8922-4221-A980-D1B7DD2CF328}.Release|Any CPU.ActiveCfg = Release|Any CPU
		{52EDB5F5-8922-4221-A980-D1B7DD2CF328}.Release|Any CPU.Build.0 = Release|Any CPU
		{887237B3-D33F-49B2-B1A9-86AE160C1605}.Debug|Any CPU.ActiveCfg = Debug|Any CPU
		{887237B3-D33F-49B2-B1A9-86AE160C1605}.Debug|Any CPU.Build.0 = Debug|Any CPU
		{887237B3-D33F-49B2-B1A9-86AE160C1605}.Release|Any CPU.ActiveCfg = Release|Any CPU
		{887237B3-D33F-49B2-B1A9-86AE160C1605}.Release|Any CPU.Build.0 = Release|Any CPU
		{57E4049F-CE73-4BFB-A976-C04AB3959BB1}.Debug|Any CPU.ActiveCfg = Debug|Any CPU
		{57E4049F-CE73-4BFB-A976-C04AB3959BB1}.Debug|Any CPU.Build.0 = Debug|Any CPU
		{57E4049F-CE73-4BFB-A976-C04AB3959BB1}.Release|Any CPU.ActiveCfg = Release|Any CPU
		{57E4049F-CE73-4BFB-A976-C04AB3959BB1}.Release|Any CPU.Build.0 = Release|Any CPU
	EndGlobalSection
	GlobalSection(SolutionProperties) = preSolution
		HideSolutionNode = FALSE
	EndGlobalSection
	GlobalSection(ExtensibilityGlobals) = postSolution
		SolutionGuid = {06EA2E47-3FD3-43A1-A916-F25505250446}
	EndGlobalSection
EndGlobal
