
Microsoft Visual Studio Solution File, Format Version 12.00
# Visual Studio Version 17
VisualStudioVersion = 17.1.32414.318
MinimumVisualStudioVersion = 10.0.40219.1
Project("{2150E333-8FDC-42A3-9474-1A3956D46DE8}") = "src", "src", "{208266DB-4762-49DB-A69C-05C2359893DC}"
EndProject
Project("{2150E333-8FDC-42A3-9474-1A3956D46DE8}") = "test", "test", "{67FF79E8-1480-492D-A6BE-59EA0D8A85B7}"
EndProject
Project("{9A19103F-16F7-4668-BE54-9A1E7A4F7556}") = "Ops.Communication", "src\Ops.Communication\Ops.Communication.csproj", "{2D7FB479-D5E7-4CCB-8004-A2C261C07591}"
EndProject
Project("{9A19103F-16F7-4668-BE54-9A1E7A4F7556}") = "Ops.Communication.Tests", "test\Ops.Communication.Tests\Ops.Communication.Tests.csproj", "{AD105BBC-9449-4E90-916C-9AC4171E3C4A}"
EndProject
Project("{2150E333-8FDC-42A3-9474-1A3956D46DE8}") = "Solution Items", "Solution Items", "{C3763199-940A-4839-A467-7521EB5488E2}"
	ProjectSection(SolutionItems) = preProject
		.editorconfig = .editorconfig
		Directory.Build.props = Directory.Build.props
		Directory.Packages.props = Directory.Packages.props
	EndProjectSection
EndProject
Global
	GlobalSection(SolutionConfigurationPlatforms) = preSolution
		Debug|Any CPU = Debug|Any CPU
		Release|Any CPU = Release|Any CPU
	EndGlobalSection
	GlobalSection(ProjectConfigurationPlatforms) = postSolution
		{2D7FB479-D5E7-4CCB-8004-A2C261C07591}.Debug|Any CPU.ActiveCfg = Debug|Any CPU
		{2D7FB479-D5E7-4CCB-8004-A2C261C07591}.Debug|Any CPU.Build.0 = Debug|Any CPU
		{2D7FB479-D5E7-4CCB-8004-A2C261C07591}.Release|Any CPU.ActiveCfg = Release|Any CPU
		{2D7FB479-D5E7-4CCB-8004-A2C261C07591}.Release|Any CPU.Build.0 = Release|Any CPU
		{AD105BBC-9449-4E90-916C-9AC4171E3C4A}.Debug|Any CPU.ActiveCfg = Debug|Any CPU
		{AD105BBC-9449-4E90-916C-9AC4171E3C4A}.Debug|Any CPU.Build.0 = Debug|Any CPU
		{AD105BBC-9449-4E90-916C-9AC4171E3C4A}.Release|Any CPU.ActiveCfg = Release|Any CPU
		{AD105BBC-9449-4E90-916C-9AC4171E3C4A}.Release|Any CPU.Build.0 = Release|Any CPU
	EndGlobalSection
	GlobalSection(SolutionProperties) = preSolution
		HideSolutionNode = FALSE
	EndGlobalSection
	GlobalSection(NestedProjects) = preSolution
		{2D7FB479-D5E7-4CCB-8004-A2C261C07591} = {208266DB-4762-49DB-A69C-05C2359893DC}
		{AD105BBC-9449-4E90-916C-9AC4171E3C4A} = {67FF79E8-1480-492D-A6BE-59EA0D8A85B7}
	EndGlobalSection
	GlobalSection(ExtensibilityGlobals) = postSolution
		SolutionGuid = {B5A07B7A-25FB-4EEC-A4DA-6BA9113A3C43}
	EndGlobalSection
EndGlobal
