
Microsoft Visual Studio Solution File, Format Version 12.00
# Visual Studio Version 17
VisualStudioVersion = 17.1.32414.318
MinimumVisualStudioVersion = 10.0.40219.1
Project("{2150E333-8FDC-42A3-9474-1A3956D46DE8}") = "src", "src", "{208266DB-4762-49DB-A69C-05C2359893DC}"
EndProject
Project("{2150E333-8FDC-42A3-9474-1A3956D46DE8}") = "test", "test", "{67FF79E8-1480-492D-A6BE-59EA0D8A85B7}"
EndProject
Project("{9A19103F-16F7-4668-BE54-9A1E7A4F7556}") = "Ops.Communication", "src\Ops.Communication\Ops.Communication.csproj", "{2D7FB479-D5E7-4CCB-8004-A2C261C07591}"
EndProject
Project("{9A19103F-16F7-4668-BE54-9A1E7A4F7556}") = "Ops.Exchange", "src\Ops.Exchange\Ops.Exchange.csproj", "{C3649AA7-4661-41E9-97E7-662B1E2BAD46}"
EndProject
Project("{9A19103F-16F7-4668-BE54-9A1E7A4F7556}") = "Ops.Engine.UI", "src\Ops.Engine.UI\Ops.Engine.UI.csproj", "{9284D410-80F8-4BFF-A282-14F4D65ED2F6}"
EndProject
Project("{9A19103F-16F7-4668-BE54-9A1E7A4F7556}") = "Ops.Common.Tests", "test\Ops.Common.Tests\Ops.Common.Tests.csproj", "{B3AA1538-D1B8-4F1F-987B-6EC0084C8BA0}"
EndProject
Project("{9A19103F-16F7-4668-BE54-9A1E7A4F7556}") = "Ops.Exchange.Tests", "test\Ops.Exchange.Tests\Ops.Exchange.Tests.csproj", "{DF2B0B19-3F9C-4414-A36F-D39165C6DE46}"
EndProject
Project("{9A19103F-16F7-4668-BE54-9A1E7A4F7556}") = "Ops.Test.ConsoleApp", "test\Ops.Test.ConsoleApp\Ops.Test.ConsoleApp.csproj", "{5EAE5338-AB25-4543-94D9-A7938EBE41B3}"
EndProject
Project("{9A19103F-16F7-4668-BE54-9A1E7A4F7556}") = "Ops.Communication.Tests", "test\Ops.Communication.Tests\Ops.Communication.Tests.csproj", "{AD105BBC-9449-4E90-916C-9AC4171E3C4A}"
EndProject
Project("{9A19103F-16F7-4668-BE54-9A1E7A4F7556}") = "Ops.Extensions.Zero", "src\Ops.Extensions.Zero\Ops.Extensions.Zero.csproj", "{93F961F9-AC0F-4B82-BD04-78AE9FFF4A2D}"
EndProject
Project("{2150E333-8FDC-42A3-9474-1A3956D46DE8}") = "Extensions", "Extensions", "{FF958140-46B2-4E1D-83FD-C0AFBC27D220}"
EndProject
Project("{9A19103F-16F7-4668-BE54-9A1E7A4F7556}") = "Ops.Extensions.Zero.EntityFrameworkCore", "src\Ops.Extensions.Zero.EntityFrameworkCore\Ops.Extensions.Zero.EntityFrameworkCore.csproj", "{56AD0E7C-4460-41B5-8524-345A226EA5AF}"
EndProject
Project("{2150E333-8FDC-42A3-9474-1A3956D46DE8}") = "Web", "Web", "{110C5F78-D337-432F-B885-E3E2F958F54C}"
EndProject
Project("{9A19103F-16F7-4668-BE54-9A1E7A4F7556}") = "Ops.Extensions.Zero.EntityFrameworkCore.Tests", "test\Ops.Extensions.Zero.EntityFrameworkCore.Tests\Ops.Extensions.Zero.EntityFrameworkCore.Tests.csproj", "{1029383C-588A-4678-AB25-34453224A99C}"
EndProject
Project("{9A19103F-16F7-4668-BE54-9A1E7A4F7556}") = "BootstrapAdmin.Caching", "src\BootstrapAdmin.Caching\BootstrapAdmin.Caching.csproj", "{BEBD9A73-45E8-41B8-9E97-42A72A826F35}"
EndProject
Project("{9A19103F-16F7-4668-BE54-9A1E7A4F7556}") = "BootstrapAdmin.DataAccess.Models", "src\BootstrapAdmin.DataAccess.Models\BootstrapAdmin.DataAccess.Models.csproj", "{807F14BF-007C-4301-B007-1BC55A10A1D6}"
EndProject
Project("{9A19103F-16F7-4668-BE54-9A1E7A4F7556}") = "BootstrapAdmin.DataAccess.PetaPoco", "src\BootstrapAdmin.DataAccess.PetaPoco\BootstrapAdmin.DataAccess.PetaPoco.csproj", "{A005B84B-04FA-4351-959A-73A581EF8A08}"
EndProject
Project("{9A19103F-16F7-4668-BE54-9A1E7A4F7556}") = "BootstrapAdmin.Web.Core", "src\BootstrapAdmin.Web.Core\BootstrapAdmin.Web.Core.csproj", "{3FDD0EFE-FF34-4FC6-8997-227F5502C13A}"
EndProject
Project("{9A19103F-16F7-4668-BE54-9A1E7A4F7556}") = "BootstrapAdmin.Web", "src\BootstrapAdmin.Web\BootstrapAdmin.Web.csproj", "{C2883E03-26EA-462C-9DC1-BB5F946ABB2E}"
EndProject
Global
	GlobalSection(SolutionConfigurationPlatforms) = preSolution
		Debug|Any CPU = Debug|Any CPU
		Release|Any CPU = Release|Any CPU
	EndGlobalSection
	GlobalSection(ProjectConfigurationPlatforms) = postSolution
		{2D7FB479-D5E7-4CCB-8004-A2C261C07591}.Debug|Any CPU.ActiveCfg = Debug|Any CPU
		{2D7FB479-D5E7-4CCB-8004-A2C261C07591}.Debug|Any CPU.Build.0 = Debug|Any CPU
		{2D7FB479-D5E7-4CCB-8004-A2C261C07591}.Release|Any CPU.ActiveCfg = Release|Any CPU
		{2D7FB479-D5E7-4CCB-8004-A2C261C07591}.Release|Any CPU.Build.0 = Release|Any CPU
		{C3649AA7-4661-41E9-97E7-662B1E2BAD46}.Debug|Any CPU.ActiveCfg = Debug|Any CPU
		{C3649AA7-4661-41E9-97E7-662B1E2BAD46}.Debug|Any CPU.Build.0 = Debug|Any CPU
		{C3649AA7-4661-41E9-97E7-662B1E2BAD46}.Release|Any CPU.ActiveCfg = Release|Any CPU
		{C3649AA7-4661-41E9-97E7-662B1E2BAD46}.Release|Any CPU.Build.0 = Release|Any CPU
		{9284D410-80F8-4BFF-A282-14F4D65ED2F6}.Debug|Any CPU.ActiveCfg = Debug|Any CPU
		{9284D410-80F8-4BFF-A282-14F4D65ED2F6}.Debug|Any CPU.Build.0 = Debug|Any CPU
		{9284D410-80F8-4BFF-A282-14F4D65ED2F6}.Release|Any CPU.ActiveCfg = Release|Any CPU
		{9284D410-80F8-4BFF-A282-14F4D65ED2F6}.Release|Any CPU.Build.0 = Release|Any CPU
		{B3AA1538-D1B8-4F1F-987B-6EC0084C8BA0}.Debug|Any CPU.ActiveCfg = Debug|Any CPU
		{B3AA1538-D1B8-4F1F-987B-6EC0084C8BA0}.Debug|Any CPU.Build.0 = Debug|Any CPU
		{B3AA1538-D1B8-4F1F-987B-6EC0084C8BA0}.Release|Any CPU.ActiveCfg = Release|Any CPU
		{B3AA1538-D1B8-4F1F-987B-6EC0084C8BA0}.Release|Any CPU.Build.0 = Release|Any CPU
		{DF2B0B19-3F9C-4414-A36F-D39165C6DE46}.Debug|Any CPU.ActiveCfg = Debug|Any CPU
		{DF2B0B19-3F9C-4414-A36F-D39165C6DE46}.Debug|Any CPU.Build.0 = Debug|Any CPU
		{DF2B0B19-3F9C-4414-A36F-D39165C6DE46}.Release|Any CPU.ActiveCfg = Release|Any CPU
		{DF2B0B19-3F9C-4414-A36F-D39165C6DE46}.Release|Any CPU.Build.0 = Release|Any CPU
		{5EAE5338-AB25-4543-94D9-A7938EBE41B3}.Debug|Any CPU.ActiveCfg = Debug|Any CPU
		{5EAE5338-AB25-4543-94D9-A7938EBE41B3}.Debug|Any CPU.Build.0 = Debug|Any CPU
		{5EAE5338-AB25-4543-94D9-A7938EBE41B3}.Release|Any CPU.ActiveCfg = Release|Any CPU
		{5EAE5338-AB25-4543-94D9-A7938EBE41B3}.Release|Any CPU.Build.0 = Release|Any CPU
		{AD105BBC-9449-4E90-916C-9AC4171E3C4A}.Debug|Any CPU.ActiveCfg = Debug|Any CPU
		{AD105BBC-9449-4E90-916C-9AC4171E3C4A}.Debug|Any CPU.Build.0 = Debug|Any CPU
		{AD105BBC-9449-4E90-916C-9AC4171E3C4A}.Release|Any CPU.ActiveCfg = Release|Any CPU
		{AD105BBC-9449-4E90-916C-9AC4171E3C4A}.Release|Any CPU.Build.0 = Release|Any CPU
		{93F961F9-AC0F-4B82-BD04-78AE9FFF4A2D}.Debug|Any CPU.ActiveCfg = Debug|Any CPU
		{93F961F9-AC0F-4B82-BD04-78AE9FFF4A2D}.Debug|Any CPU.Build.0 = Debug|Any CPU
		{93F961F9-AC0F-4B82-BD04-78AE9FFF4A2D}.Release|Any CPU.ActiveCfg = Release|Any CPU
		{93F961F9-AC0F-4B82-BD04-78AE9FFF4A2D}.Release|Any CPU.Build.0 = Release|Any CPU
		{56AD0E7C-4460-41B5-8524-345A226EA5AF}.Debug|Any CPU.ActiveCfg = Debug|Any CPU
		{56AD0E7C-4460-41B5-8524-345A226EA5AF}.Debug|Any CPU.Build.0 = Debug|Any CPU
		{56AD0E7C-4460-41B5-8524-345A226EA5AF}.Release|Any CPU.ActiveCfg = Release|Any CPU
		{56AD0E7C-4460-41B5-8524-345A226EA5AF}.Release|Any CPU.Build.0 = Release|Any CPU
		{1029383C-588A-4678-AB25-34453224A99C}.Debug|Any CPU.ActiveCfg = Debug|Any CPU
		{1029383C-588A-4678-AB25-34453224A99C}.Debug|Any CPU.Build.0 = Debug|Any CPU
		{1029383C-588A-4678-AB25-34453224A99C}.Release|Any CPU.ActiveCfg = Release|Any CPU
		{1029383C-588A-4678-AB25-34453224A99C}.Release|Any CPU.Build.0 = Release|Any CPU
		{BEBD9A73-45E8-41B8-9E97-42A72A826F35}.Debug|Any CPU.ActiveCfg = Debug|Any CPU
		{BEBD9A73-45E8-41B8-9E97-42A72A826F35}.Debug|Any CPU.Build.0 = Debug|Any CPU
		{BEBD9A73-45E8-41B8-9E97-42A72A826F35}.Release|Any CPU.ActiveCfg = Release|Any CPU
		{BEBD9A73-45E8-41B8-9E97-42A72A826F35}.Release|Any CPU.Build.0 = Release|Any CPU
		{807F14BF-007C-4301-B007-1BC55A10A1D6}.Debug|Any CPU.ActiveCfg = Debug|Any CPU
		{807F14BF-007C-4301-B007-1BC55A10A1D6}.Debug|Any CPU.Build.0 = Debug|Any CPU
		{807F14BF-007C-4301-B007-1BC55A10A1D6}.Release|Any CPU.ActiveCfg = Release|Any CPU
		{807F14BF-007C-4301-B007-1BC55A10A1D6}.Release|Any CPU.Build.0 = Release|Any CPU
		{A005B84B-04FA-4351-959A-73A581EF8A08}.Debug|Any CPU.ActiveCfg = Debug|Any CPU
		{A005B84B-04FA-4351-959A-73A581EF8A08}.Debug|Any CPU.Build.0 = Debug|Any CPU
		{A005B84B-04FA-4351-959A-73A581EF8A08}.Release|Any CPU.ActiveCfg = Release|Any CPU
		{A005B84B-04FA-4351-959A-73A581EF8A08}.Release|Any CPU.Build.0 = Release|Any CPU
		{3FDD0EFE-FF34-4FC6-8997-227F5502C13A}.Debug|Any CPU.ActiveCfg = Debug|Any CPU
		{3FDD0EFE-FF34-4FC6-8997-227F5502C13A}.Debug|Any CPU.Build.0 = Debug|Any CPU
		{3FDD0EFE-FF34-4FC6-8997-227F5502C13A}.Release|Any CPU.ActiveCfg = Release|Any CPU
		{3FDD0EFE-FF34-4FC6-8997-227F5502C13A}.Release|Any CPU.Build.0 = Release|Any CPU
		{C2883E03-26EA-462C-9DC1-BB5F946ABB2E}.Debug|Any CPU.ActiveCfg = Debug|Any CPU
		{C2883E03-26EA-462C-9DC1-BB5F946ABB2E}.Debug|Any CPU.Build.0 = Debug|Any CPU
		{C2883E03-26EA-462C-9DC1-BB5F946ABB2E}.Release|Any CPU.ActiveCfg = Release|Any CPU
		{C2883E03-26EA-462C-9DC1-BB5F946ABB2E}.Release|Any CPU.Build.0 = Release|Any CPU
	EndGlobalSection
	GlobalSection(SolutionProperties) = preSolution
		HideSolutionNode = FALSE
	EndGlobalSection
	GlobalSection(NestedProjects) = preSolution
		{2D7FB479-D5E7-4CCB-8004-A2C261C07591} = {208266DB-4762-49DB-A69C-05C2359893DC}
		{C3649AA7-4661-41E9-97E7-662B1E2BAD46} = {208266DB-4762-49DB-A69C-05C2359893DC}
		{9284D410-80F8-4BFF-A282-14F4D65ED2F6} = {208266DB-4762-49DB-A69C-05C2359893DC}
		{B3AA1538-D1B8-4F1F-987B-6EC0084C8BA0} = {67FF79E8-1480-492D-A6BE-59EA0D8A85B7}
		{DF2B0B19-3F9C-4414-A36F-D39165C6DE46} = {67FF79E8-1480-492D-A6BE-59EA0D8A85B7}
		{5EAE5338-AB25-4543-94D9-A7938EBE41B3} = {67FF79E8-1480-492D-A6BE-59EA0D8A85B7}
		{AD105BBC-9449-4E90-916C-9AC4171E3C4A} = {67FF79E8-1480-492D-A6BE-59EA0D8A85B7}
		{93F961F9-AC0F-4B82-BD04-78AE9FFF4A2D} = {FF958140-46B2-4E1D-83FD-C0AFBC27D220}
		{FF958140-46B2-4E1D-83FD-C0AFBC27D220} = {208266DB-4762-49DB-A69C-05C2359893DC}
		{56AD0E7C-4460-41B5-8524-345A226EA5AF} = {FF958140-46B2-4E1D-83FD-C0AFBC27D220}
		{110C5F78-D337-432F-B885-E3E2F958F54C} = {208266DB-4762-49DB-A69C-05C2359893DC}
		{1029383C-588A-4678-AB25-34453224A99C} = {67FF79E8-1480-492D-A6BE-59EA0D8A85B7}
		{BEBD9A73-45E8-41B8-9E97-42A72A826F35} = {110C5F78-D337-432F-B885-E3E2F958F54C}
		{807F14BF-007C-4301-B007-1BC55A10A1D6} = {110C5F78-D337-432F-B885-E3E2F958F54C}
		{A005B84B-04FA-4351-959A-73A581EF8A08} = {110C5F78-D337-432F-B885-E3E2F958F54C}
		{3FDD0EFE-FF34-4FC6-8997-227F5502C13A} = {110C5F78-D337-432F-B885-E3E2F958F54C}
		{C2883E03-26EA-462C-9DC1-BB5F946ABB2E} = {110C5F78-D337-432F-B885-E3E2F958F54C}
	EndGlobalSection
	GlobalSection(ExtensibilityGlobals) = postSolution
		SolutionGuid = {B5A07B7A-25FB-4EEC-A4DA-6BA9113A3C43}
	EndGlobalSection
EndGlobal
